// !$*UTF8*$!
{
	archiveVersion = 1;
	classes = {
	};
	objectVersion = 50;
	objects = {

/* Begin PBXBuildFile section */
		1F77812A2251975400D0E81C /* AppDelegate.swift in Sources */ = {isa = PBXBuildFile; fileRef = 1F7781292251975400D0E81C /* AppDelegate.swift */; };
		1F77812C2251975400D0E81C /* ViewController.swift in Sources */ = {isa = PBXBuildFile; fileRef = 1F77812B2251975400D0E81C /* ViewController.swift */; };
		1F77812F2251975400D0E81C /* Main.storyboard in Resources */ = {isa = PBXBuildFile; fileRef = 1F77812D2251975400D0E81C /* Main.storyboard */; };
		1F7781312251975500D0E81C /* Assets.xcassets in Resources */ = {isa = PBXBuildFile; fileRef = 1F7781302251975500D0E81C /* Assets.xcassets */; };
		1F7781342251975500D0E81C /* LaunchScreen.storyboard in Resources */ = {isa = PBXBuildFile; fileRef = 1F7781322251975500D0E81C /* LaunchScreen.storyboard */; };
		1F77813F2251975500D0E81C /* KotlinIOSTests.swift in Sources */ = {isa = PBXBuildFile; fileRef = 1F77813E2251975500D0E81C /* KotlinIOSTests.swift */; };
		1F77814A2251975500D0E81C /* KotlinIOSUITests.swift in Sources */ = {isa = PBXBuildFile; fileRef = 1F7781492251975500D0E81C /* KotlinIOSUITests.swift */; };
		1F77815C2251A4CC00D0E81C /* SharedCode.framework in Frameworks */ = {isa = PBXBuildFile; fileRef = 1F77815B2251A4CC00D0E81C /* SharedCode.framework */; };
		1F77815D2251A4CC00D0E81C /* SharedCode.framework in Embed Frameworks */ = {isa = PBXBuildFile; fileRef = 1F77815B2251A4CC00D0E81C /* SharedCode.framework */; settings = {ATTRIBUTES = (CodeSignOnCopy, RemoveHeadersOnCopy, ); }; };
/* End PBXBuildFile section */

/* Begin PBXContainerItemProxy section */
		1F77813B2251975500D0E81C /* PBXContainerItemProxy */ = {
			isa = PBXContainerItemProxy;
			containerPortal = 1F77811E2251975300D0E81C /* Project object */;
			proxyType = 1;
			remoteGlobalIDString = 1F7781252251975400D0E81C;
			remoteInfo = KotlinIOS;
		};
		1F7781462251975500D0E81C /* PBXContainerItemProxy */ = {
			isa = PBXContainerItemProxy;
			containerPortal = 1F77811E2251975300D0E81C /* Project object */;
			proxyType = 1;
			remoteGlobalIDString = 1F7781252251975400D0E81C;
			remoteInfo = KotlinIOS;
		};
/* End PBXContainerItemProxy section */

/* Begin PBXCopyFilesBuildPhase section */
		1F77815E2251A4CC00D0E81C /* Embed Frameworks */ = {
			isa = PBXCopyFilesBuildPhase;
			buildActionMask = 2147483647;
			dstPath = "";
			dstSubfolderSpec = 10;
			files = (
				1F77815D2251A4CC00D0E81C /* SharedCode.framework in Embed Frameworks */,
			);
			name = "Embed Frameworks";
			runOnlyForDeploymentPostprocessing = 0;
		};
/* End PBXCopyFilesBuildPhase section */

/* Begin PBXFileReference section */
		1F7781262251975400D0E81C /* KotlinIOS.app */ = {isa = PBXFileReference; explicitFileType = wrapper.application; includeInIndex = 0; path = KotlinIOS.app; sourceTree = BUILT_PRODUCTS_DIR; };
		1F7781292251975400D0E81C /* AppDelegate.swift */ = {isa = PBXFileReference; lastKnownFileType = sourcecode.swift; path = AppDelegate.swift; sourceTree = "<group>"; };
		1F77812B2251975400D0E81C /* ViewController.swift */ = {isa = PBXFileReference; lastKnownFileType = sourcecode.swift; path = ViewController.swift; sourceTree = "<group>"; };
		1F77812E2251975400D0E81C /* Base */ = {isa = PBXFileReference; lastKnownFileType = file.storyboard; name = Base; path = Base.lproj/Main.storyboard; sourceTree = "<group>"; };
		1F7781302251975500D0E81C /* Assets.xcassets */ = {isa = PBXFileReference; lastKnownFileType = folder.assetcatalog; path = Assets.xcassets; sourceTree = "<group>"; };
		1F7781332251975500D0E81C /* Base */ = {isa = PBXFileReference; lastKnownFileType = file.storyboard; name = Base; path = Base.lproj/LaunchScreen.storyboard; sourceTree = "<group>"; };
		1F7781352251975500D0E81C /* Info.plist */ = {isa = PBXFileReference; lastKnownFileType = text.plist.xml; path = Info.plist; sourceTree = "<group>"; };
		1F77813A2251975500D0E81C /* KotlinIOSTests.xctest */ = {isa = PBXFileReference; explicitFileType = wrapper.cfbundle; includeInIndex = 0; path = KotlinIOSTests.xctest; sourceTree = BUILT_PRODUCTS_DIR; };
		1F77813E2251975500D0E81C /* KotlinIOSTests.swift */ = {isa = PBXFileReference; lastKnownFileType = sourcecode.swift; path = KotlinIOSTests.swift; sourceTree = "<group>"; };
		1F7781402251975500D0E81C /* Info.plist */ = {isa = PBXFileReference; lastKnownFileType = text.plist.xml; path = Info.plist; sourceTree = "<group>"; };
		1F7781452251975500D0E81C /* KotlinIOSUITests.xctest */ = {isa = PBXFileReference; explicitFileType = wrapper.cfbundle; includeInIndex = 0; path = KotlinIOSUITests.xctest; sourceTree = BUILT_PRODUCTS_DIR; };
		1F7781492251975500D0E81C /* KotlinIOSUITests.swift */ = {isa = PBXFileReference; lastKnownFileType = sourcecode.swift; path = KotlinIOSUITests.swift; sourceTree = "<group>"; };
		1F77814B2251975500D0E81C /* Info.plist */ = {isa = PBXFileReference; lastKnownFileType = text.plist.xml; path = Info.plist; sourceTree = "<group>"; };
		1F77815B2251A4CC00D0E81C /* SharedCode.framework */ = {isa = PBXFileReference; lastKnownFileType = wrapper.framework; name = SharedCode.framework; path = ../../SharedCode/build/bin/iOS/SharedCodeDebugFramework/SharedCode.framework; sourceTree = "<group>"; };
/* End PBXFileReference section */

/* Begin PBXFrameworksBuildPhase section */
		1F7781232251975400D0E81C /* Frameworks */ = {
			isa = PBXFrameworksBuildPhase;
			buildActionMask = 2147483647;
			files = (
				1F77815C2251A4CC00D0E81C /* SharedCode.framework in Frameworks */,
			);
			runOnlyForDeploymentPostprocessing = 0;
		};
		1F7781372251975500D0E81C /* Frameworks */ = {
			isa = PBXFrameworksBuildPhase;
			buildActionMask = 2147483647;
			files = (
			);
			runOnlyForDeploymentPostprocessing = 0;
		};
		1F7781422251975500D0E81C /* Frameworks */ = {
			isa = PBXFrameworksBuildPhase;
			buildActionMask = 2147483647;
			files = (
			);
			runOnlyForDeploymentPostprocessing = 0;
		};
/* End PBXFrameworksBuildPhase section */

/* Begin PBXGroup section */
		1F77811D2251975300D0E81C = {
			isa = PBXGroup;
			children = (
				1F77815B2251A4CC00D0E81C /* SharedCode.framework */,
				1F7781282251975400D0E81C /* KotlinIOS */,
				1F77813D2251975500D0E81C /* KotlinIOSTests */,
				1F7781482251975500D0E81C /* KotlinIOSUITests */,
				1F7781272251975400D0E81C /* Products */,
			);
			sourceTree = "<group>";
		};
		1F7781272251975400D0E81C /* Products */ = {
			isa = PBXGroup;
			children = (
				1F7781262251975400D0E81C /* KotlinIOS.app */,
				1F77813A2251975500D0E81C /* KotlinIOSTests.xctest */,
				1F7781452251975500D0E81C /* KotlinIOSUITests.xctest */,
			);
			name = Products;
			sourceTree = "<group>";
		};
		1F7781282251975400D0E81C /* KotlinIOS */ = {
			isa = PBXGroup;
			children = (
				1F7781292251975400D0E81C /* AppDelegate.swift */,
				1F77812B2251975400D0E81C /* ViewController.swift */,
				1F77812D2251975400D0E81C /* Main.storyboard */,
				1F7781302251975500D0E81C /* Assets.xcassets */,
				1F7781322251975500D0E81C /* LaunchScreen.storyboard */,
				1F7781352251975500D0E81C /* Info.plist */,
			);
			path = KotlinIOS;
			sourceTree = "<group>";
		};
		1F77813D2251975500D0E81C /* KotlinIOSTests */ = {
			isa = PBXGroup;
			children = (
				1F77813E2251975500D0E81C /* KotlinIOSTests.swift */,
				1F7781402251975500D0E81C /* Info.plist */,
			);
			path = KotlinIOSTests;
			sourceTree = "<group>";
		};
		1F7781482251975500D0E81C /* KotlinIOSUITests */ = {
			isa = PBXGroup;
			children = (
				1F7781492251975500D0E81C /* KotlinIOSUITests.swift */,
				1F77814B2251975500D0E81C /* Info.plist */,
			);
			path = KotlinIOSUITests;
			sourceTree = "<group>";
		};
/* End PBXGroup section */

/* Begin PBXNativeTarget section */
		1F7781252251975400D0E81C /* KotlinIOS */ = {
			isa = PBXNativeTarget;
			buildConfigurationList = 1F77814E2251975500D0E81C /* Build configuration list for PBXNativeTarget "KotlinIOS" */;
			buildPhases = (
				1F77815F2251A59B00D0E81C /* ShellScript */,
				1F7781222251975400D0E81C /* Sources */,
				1F7781232251975400D0E81C /* Frameworks */,
				1F7781242251975400D0E81C /* Resources */,
				1F77815E2251A4CC00D0E81C /* Embed Frameworks */,
			);
			buildRules = (
			);
			dependencies = (
			);
			name = KotlinIOS;
			productName = KotlinIOS;
			productReference = 1F7781262251975400D0E81C /* KotlinIOS.app */;
			productType = "com.apple.product-type.application";
		};
		1F7781392251975500D0E81C /* KotlinIOSTests */ = {
			isa = PBXNativeTarget;
			buildConfigurationList = 1F7781512251975500D0E81C /* Build configuration list for PBXNativeTarget "KotlinIOSTests" */;
			buildPhases = (
				1F7781362251975500D0E81C /* Sources */,
				1F7781372251975500D0E81C /* Frameworks */,
				1F7781382251975500D0E81C /* Resources */,
			);
			buildRules = (
			);
			dependencies = (
				1F77813C2251975500D0E81C /* PBXTargetDependency */,
			);
			name = KotlinIOSTests;
			productName = KotlinIOSTests;
			productReference = 1F77813A2251975500D0E81C /* KotlinIOSTests.xctest */;
			productType = "com.apple.product-type.bundle.unit-test";
		};
		1F7781442251975500D0E81C /* KotlinIOSUITests */ = {
			isa = PBXNativeTarget;
			buildConfigurationList = 1F7781542251975500D0E81C /* Build configuration list for PBXNativeTarget "KotlinIOSUITests" */;
			buildPhases = (
				1F7781412251975500D0E81C /* Sources */,
				1F7781422251975500D0E81C /* Frameworks */,
				1F7781432251975500D0E81C /* Resources */,
			);
			buildRules = (
			);
			dependencies = (
				1F7781472251975500D0E81C /* PBXTargetDependency */,
			);
			name = KotlinIOSUITests;
			productName = KotlinIOSUITests;
			productReference = 1F7781452251975500D0E81C /* KotlinIOSUITests.xctest */;
			productType = "com.apple.product-type.bundle.ui-testing";
		};
/* End PBXNativeTarget section */

/* Begin PBXProject section */
		1F77811E2251975300D0E81C /* Project object */ = {
			isa = PBXProject;
			attributes = {
				LastSwiftUpdateCheck = 1020;
				LastUpgradeCheck = 1020;
				ORGANIZATIONNAME = "Akmere Almeida";
				TargetAttributes = {
					1F7781252251975400D0E81C = {
						CreatedOnToolsVersion = 10.2;
					};
					1F7781392251975500D0E81C = {
						CreatedOnToolsVersion = 10.2;
						TestTargetID = 1F7781252251975400D0E81C;
					};
					1F7781442251975500D0E81C = {
						CreatedOnToolsVersion = 10.2;
						TestTargetID = 1F7781252251975400D0E81C;
					};
				};
			};
			buildConfigurationList = 1F7781212251975300D0E81C /* Build configuration list for PBXProject "KotlinIOS" */;
			compatibilityVersion = "Xcode 9.3";
			developmentRegion = en;
			hasScannedForEncodings = 0;
			knownRegions = (
				en,
				Base,
			);
			mainGroup = 1F77811D2251975300D0E81C;
			productRefGroup = 1F7781272251975400D0E81C /* Products */;
			projectDirPath = "";
			projectRoot = "";
			targets = (
				1F7781252251975400D0E81C /* KotlinIOS */,
				1F7781392251975500D0E81C /* KotlinIOSTests */,
				1F7781442251975500D0E81C /* KotlinIOSUITests */,
			);
		};
/* End PBXProject section */

/* Begin PBXResourcesBuildPhase section */
		1F7781242251975400D0E81C /* Resources */ = {
			isa = PBXResourcesBuildPhase;
			buildActionMask = 2147483647;
			files = (
				1F7781342251975500D0E81C /* LaunchScreen.storyboard in Resources */,
				1F7781312251975500D0E81C /* Assets.xcassets in Resources */,
				1F77812F2251975400D0E81C /* Main.storyboard in Resources */,
			);
			runOnlyForDeploymentPostprocessing = 0;
		};
		1F7781382251975500D0E81C /* Resources */ = {
			isa = PBXResourcesBuildPhase;
			buildActionMask = 2147483647;
			files = (
			);
			runOnlyForDeploymentPostprocessing = 0;
		};
		1F7781432251975500D0E81C /* Resources */ = {
			isa = PBXResourcesBuildPhase;
			buildActionMask = 2147483647;
			files = (
			);
			runOnlyForDeploymentPostprocessing = 0;
		};
/* End PBXResourcesBuildPhase section */

/* Begin PBXShellScriptBuildPhase section */
		1F77815F2251A59B00D0E81C /* ShellScript */ = {
			isa = PBXShellScriptBuildPhase;
			buildActionMask = 2147483647;
			files = (
			);
			inputFileListPaths = (
			);
			inputPaths = (
			);
			outputFileListPaths = (
			);
			outputPaths = (
			);
			runOnlyForDeploymentPostprocessing = 0;
			shellPath = /bin/sh;
			shellScript = "cd \"$SRCROOT/../../SharedCode/build/xcode-frameworks\"\n./gradlew :SharedCode:packForXCode -PXCODE_CONFIGURATION=${CONFIGURATION}\n";
		};
/* End PBXShellScriptBuildPhase section */

/* Begin PBXSourcesBuildPhase section */
		1F7781222251975400D0E81C /* Sources */ = {
			isa = PBXSourcesBuildPhase;
			buildActionMask = 2147483647;
			files = (
				1F77812C2251975400D0E81C /* ViewController.swift in Sources */,
				1F77812A2251975400D0E81C /* AppDelegate.swift in Sources */,
			);
			runOnlyForDeploymentPostprocessing = 0;
		};
		1F7781362251975500D0E81C /* Sources */ = {
			isa = PBXSourcesBuildPhase;
			buildActionMask = 2147483647;
			files = (
				1F77813F2251975500D0E81C /* KotlinIOSTests.swift in Sources */,
			);
			runOnlyForDeploymentPostprocessing = 0;
		};
		1F7781412251975500D0E81C /* Sources */ = {
			isa = PBXSourcesBuildPhase;
			buildActionMask = 2147483647;
			files = (
				1F77814A2251975500D0E81C /* KotlinIOSUITests.swift in Sources */,
			);
			runOnlyForDeploymentPostprocessing = 0;
		};
/* End PBXSourcesBuildPhase section */

/* Begin PBXTargetDependency section */
		1F77813C2251975500D0E81C /* PBXTargetDependency */ = {
			isa = PBXTargetDependency;
			target = 1F7781252251975400D0E81C /* KotlinIOS */;
			targetProxy = 1F77813B2251975500D0E81C /* PBXContainerItemProxy */;
		};
		1F7781472251975500D0E81C /* PBXTargetDependency */ = {
			isa = PBXTargetDependency;
			target = 1F7781252251975400D0E81C /* KotlinIOS */;
			targetProxy = 1F7781462251975500D0E81C /* PBXContainerItemProxy */;
		};
/* End PBXTargetDependency section */

/* Begin PBXVariantGroup section */
		1F77812D2251975400D0E81C /* Main.storyboard */ = {
			isa = PBXVariantGroup;
			children = (
				1F77812E2251975400D0E81C /* Base */,
			);
			name = Main.storyboard;
			sourceTree = "<group>";
		};
		1F7781322251975500D0E81C /* LaunchScreen.storyboard */ = {
			isa = PBXVariantGroup;
			children = (
				1F7781332251975500D0E81C /* Base */,
			);
			name = LaunchScreen.storyboard;
			sourceTree = "<group>";
		};
/* End PBXVariantGroup section */

/* Begin XCBuildConfiguration section */
		1F77814C2251975500D0E81C /* Debug */ = {
			isa = XCBuildConfiguration;
			buildSettings = {
				ALWAYS_SEARCH_USER_PATHS = NO;
				CLANG_ANALYZER_NONNULL = YES;
				CLANG_ANALYZER_NUMBER_OBJECT_CONVERSION = YES_AGGRESSIVE;
				CLANG_CXX_LANGUAGE_STANDARD = "gnu++14";
				CLANG_CXX_LIBRARY = "libc++";
				CLANG_ENABLE_MODULES = YES;
				CLANG_ENABLE_OBJC_ARC = YES;
				CLANG_ENABLE_OBJC_WEAK = YES;
				CLANG_WARN_BLOCK_CAPTURE_AUTORELEASING = YES;
				CLANG_WARN_BOOL_CONVERSION = YES;
				CLANG_WARN_COMMA = YES;
				CLANG_WARN_CONSTANT_CONVERSION = YES;
				CLANG_WARN_DEPRECATED_OBJC_IMPLEMENTATIONS = YES;
				CLANG_WARN_DIRECT_OBJC_ISA_USAGE = YES_ERROR;
				CLANG_WARN_DOCUMENTATION_COMMENTS = YES;
				CLANG_WARN_EMPTY_BODY = YES;
				CLANG_WARN_ENUM_CONVERSION = YES;
				CLANG_WARN_INFINITE_RECURSION = YES;
				CLANG_WARN_INT_CONVERSION = YES;
				CLANG_WARN_NON_LITERAL_NULL_CONVERSION = YES;
				CLANG_WARN_OBJC_IMPLICIT_RETAIN_SELF = YES;
				CLANG_WARN_OBJC_LITERAL_CONVERSION = YES;
				CLANG_WARN_OBJC_ROOT_CLASS = YES_ERROR;
				CLANG_WARN_RANGE_LOOP_ANALYSIS = YES;
				CLANG_WARN_STRICT_PROTOTYPES = YES;
				CLANG_WARN_SUSPICIOUS_MOVE = YES;
				CLANG_WARN_UNGUARDED_AVAILABILITY = YES_AGGRESSIVE;
				CLANG_WARN_UNREACHABLE_CODE = YES;
				CLANG_WARN__DUPLICATE_METHOD_MATCH = YES;
				CODE_SIGN_IDENTITY = "iPhone Developer";
				COPY_PHASE_STRIP = NO;
				DEBUG_INFORMATION_FORMAT = dwarf;
				ENABLE_STRICT_OBJC_MSGSEND = YES;
				ENABLE_TESTABILITY = YES;
				GCC_C_LANGUAGE_STANDARD = gnu11;
				GCC_DYNAMIC_NO_PIC = NO;
				GCC_NO_COMMON_BLOCKS = YES;
				GCC_OPTIMIZATION_LEVEL = 0;
				GCC_PREPROCESSOR_DEFINITIONS = (
					"DEBUG=1",
					"$(inherited)",
				);
				GCC_WARN_64_TO_32_BIT_CONVERSION = YES;
				GCC_WARN_ABOUT_RETURN_TYPE = YES_ERROR;
				GCC_WARN_UNDECLARED_SELECTOR = YES;
				GCC_WARN_UNINITIALIZED_AUTOS = YES_AGGRESSIVE;
				GCC_WARN_UNUSED_FUNCTION = YES;
				GCC_WARN_UNUSED_VARIABLE = YES;
				IPHONEOS_DEPLOYMENT_TARGET = 12.2;
				MTL_ENABLE_DEBUG_INFO = INCLUDE_SOURCE;
				MTL_FAST_MATH = YES;
				ONLY_ACTIVE_ARCH = YES;
				SDKROOT = iphoneos;
				SWIFT_ACTIVE_COMPILATION_CONDITIONS = DEBUG;
				SWIFT_OPTIMIZATION_LEVEL = "-Onone";
			};
			name = Debug;
		};
		1F77814D2251975500D0E81C /* Release */ = {
			isa = XCBuildConfiguration;
			buildSettings = {
				ALWAYS_SEARCH_USER_PATHS = NO;
				CLANG_ANALYZER_NONNULL = YES;
				CLANG_ANALYZER_NUMBER_OBJECT_CONVERSION = YES_AGGRESSIVE;
				CLANG_CXX_LANGUAGE_STANDARD = "gnu++14";
				CLANG_CXX_LIBRARY = "libc++";
				CLANG_ENABLE_MODULES = YES;
				CLANG_ENABLE_OBJC_ARC = YES;
				CLANG_ENABLE_OBJC_WEAK = YES;
				CLANG_WARN_BLOCK_CAPTURE_AUTORELEASING = YES;
				CLANG_WARN_BOOL_CONVERSION = YES;
				CLANG_WARN_COMMA = YES;
				CLANG_WARN_CONSTANT_CONVERSION = YES;
				CLANG_WARN_DEPRECATED_OBJC_IMPLEMENTATIONS = YES;
				CLANG_WARN_DIRECT_OBJC_ISA_USAGE = YES_ERROR;
				CLANG_WARN_DOCUMENTATION_COMMENTS = YES;
				CLANG_WARN_EMPTY_BODY = YES;
				CLANG_WARN_ENUM_CONVERSION = YES;
				CLANG_WARN_INFINITE_RECURSION = YES;
				CLANG_WARN_INT_CONVERSION = YES;
				CLANG_WARN_NON_LITERAL_NULL_CONVERSION = YES;
				CLANG_WARN_OBJC_IMPLICIT_RETAIN_SELF = YES;
				CLANG_WARN_OBJC_LITERAL_CONVERSION = YES;
				CLANG_WARN_OBJC_ROOT_CLASS = YES_ERROR;
				CLANG_WARN_RANGE_LOOP_ANALYSIS = YES;
				CLANG_WARN_STRICT_PROTOTYPES = YES;
				CLANG_WARN_SUSPICIOUS_MOVE = YES;
				CLANG_WARN_UNGUARDED_AVAILABILITY = YES_AGGRESSIVE;
				CLANG_WARN_UNREACHABLE_CODE = YES;
				CLANG_WARN__DUPLICATE_METHOD_MATCH = YES;
				CODE_SIGN_IDENTITY = "iPhone Developer";
				COPY_PHASE_STRIP = NO;
				DEBUG_INFORMATION_FORMAT = "dwarf-with-dsym";
				ENABLE_NS_ASSERTIONS = NO;
				ENABLE_STRICT_OBJC_MSGSEND = YES;
				GCC_C_LANGUAGE_STANDARD = gnu11;
				GCC_NO_COMMON_BLOCKS = YES;
				GCC_WARN_64_TO_32_BIT_CONVERSION = YES;
				GCC_WARN_ABOUT_RETURN_TYPE = YES_ERROR;
				GCC_WARN_UNDECLARED_SELECTOR = YES;
				GCC_WARN_UNINITIALIZED_AUTOS = YES_AGGRESSIVE;
				GCC_WARN_UNUSED_FUNCTION = YES;
				GCC_WARN_UNUSED_VARIABLE = YES;
				IPHONEOS_DEPLOYMENT_TARGET = 12.2;
				MTL_ENABLE_DEBUG_INFO = NO;
				MTL_FAST_MATH = YES;
				SDKROOT = iphoneos;
				SWIFT_COMPILATION_MODE = wholemodule;
				SWIFT_OPTIMIZATION_LEVEL = "-O";
				VALIDATE_PRODUCT = YES;
			};
			name = Release;
		};
		1F77814F2251975500D0E81C /* Debug */ = {
			isa = XCBuildConfiguration;
			buildSettings = {
				ASSETCATALOG_COMPILER_APPICON_NAME = AppIcon;
				CODE_SIGN_STYLE = Automatic;
				DEVELOPMENT_TEAM = NS7JATUG5V;
				ENABLE_BITCODE = NO;
				"FRAMEWORK_SEARCH_PATHS[arch=*]" = "$(SRCROOT)/../../SharedCode/build/xcode-frameworks";
				INFOPLIST_FILE = KotlinIOS/Info.plist;
				LD_RUNPATH_SEARCH_PATHS = (
					"$(inherited)",
					"@executable_path/Frameworks",
				);
				PRODUCT_BUNDLE_IDENTIFIER = com.akmere.KotlinIOS;
				PRODUCT_NAME = "$(TARGET_NAME)";
				SWIFT_VERSION = 5.0;
				TARGETED_DEVICE_FAMILY = "1,2";
			};
			name = Debug;
		};
		1F7781502251975500D0E81C /* Release */ = {
			isa = XCBuildConfiguration;
			buildSettings = {
				ASSETCATALOG_COMPILER_APPICON_NAME = AppIcon;
				CODE_SIGN_STYLE = Automatic;
				DEVELOPMENT_TEAM = NS7JATUG5V;
				ENABLE_BITCODE = NO;
				"FRAMEWORK_SEARCH_PATHS[arch=*]" = "$(SRCROOT)/../../SharedCode/build/xcode-frameworks";
				INFOPLIST_FILE = KotlinIOS/Info.plist;
				LD_RUNPATH_SEARCH_PATHS = (
					"$(inherited)",
					"@executable_path/Frameworks",
				);
				PRODUCT_BUNDLE_IDENTIFIER = com.akmere.KotlinIOS;
				PRODUCT_NAME = "$(TARGET_NAME)";
				SWIFT_VERSION = 5.0;
				TARGETED_DEVICE_FAMILY = "1,2";
			};
			name = Release;
		};
		1F7781522251975500D0E81C /* Debug */ = {
			isa = XCBuildConfiguration;
			buildSettings = {
				ALWAYS_EMBED_SWIFT_STANDARD_LIBRARIES = YES;
				BUNDLE_LOADER = "$(TEST_HOST)";
				CODE_SIGN_STYLE = Automatic;
				DEVELOPMENT_TEAM = NS7JATUG5V;
				INFOPLIST_FILE = KotlinIOSTests/Info.plist;
				LD_RUNPATH_SEARCH_PATHS = (
					"$(inherited)",
					"@executable_path/Frameworks",
					"@loader_path/Frameworks",
				);
				PRODUCT_BUNDLE_IDENTIFIER = com.akmere.KotlinIOSTests;
				PRODUCT_NAME = "$(TARGET_NAME)";
				SWIFT_VERSION = 5.0;
				TARGETED_DEVICE_FAMILY = "1,2";
				TEST_HOST = "$(BUILT_PRODUCTS_DIR)/KotlinIOS.app/KotlinIOS";
			};
			name = Debug;
		};
		1F7781532251975500D0E81C /* Release */ = {
			isa = XCBuildConfiguration;
			buildSettings = {
				ALWAYS_EMBED_SWIFT_STANDARD_LIBRARIES = YES;
				BUNDLE_LOADER = "$(TEST_HOST)";
				CODE_SIGN_STYLE = Automatic;
				DEVELOPMENT_TEAM = NS7JATUG5V;
				INFOPLIST_FILE = KotlinIOSTests/Info.plist;
				LD_RUNPATH_SEARCH_PATHS = (
					"$(inherited)",
					"@executable_path/Frameworks",
					"@loader_path/Frameworks",
				);
				PRODUCT_BUNDLE_IDENTIFIER = com.akmere.KotlinIOSTests;
				PRODUCT_NAME = "$(TARGET_NAME)";
				SWIFT_VERSION = 5.0;
				TARGETED_DEVICE_FAMILY = "1,2";
				TEST_HOST = "$(BUILT_PRODUCTS_DIR)/KotlinIOS.app/KotlinIOS";
			};
			name = Release;
		};
		1F7781552251975500D0E81C /* Debug */ = {
			isa = XCBuildConfiguration;
			buildSettings = {
				ALWAYS_EMBED_SWIFT_STANDARD_LIBRARIES = YES;
				CODE_SIGN_STYLE = Automatic;
				DEVELOPMENT_TEAM = NS7JATUG5V;
				INFOPLIST_FILE = KotlinIOSUITests/Info.plist;
				LD_RUNPATH_SEARCH_PATHS = (
					"$(inherited)",
					"@executable_path/Frameworks",
					"@loader_path/Frameworks",
				);
				PRODUCT_BUNDLE_IDENTIFIER = com.akmere.KotlinIOSUITests;
				PRODUCT_NAME = "$(TARGET_NAME)";
				SWIFT_VERSION = 5.0;
				TARGETED_DEVICE_FAMILY = "1,2";
				TEST_TARGET_NAME = KotlinIOS;
			};
			name = Debug;
		};
		1F7781562251975500D0E81C /* Release */ = {
			isa = XCBuildConfiguration;
			buildSettings = {
				ALWAYS_EMBED_SWIFT_STANDARD_LIBRARIES = YES;
				CODE_SIGN_STYLE = Automatic;
				DEVELOPMENT_TEAM = NS7JATUG5V;
				INFOPLIST_FILE = KotlinIOSUITests/Info.plist;
				LD_RUNPATH_SEARCH_PATHS = (
					"$(inherited)",
					"@executable_path/Frameworks",
					"@loader_path/Frameworks",
				);
				PRODUCT_BUNDLE_IDENTIFIER = com.akmere.KotlinIOSUITests;
				PRODUCT_NAME = "$(TARGET_NAME)";
				SWIFT_VERSION = 5.0;
				TARGETED_DEVICE_FAMILY = "1,2";
				TEST_TARGET_NAME = KotlinIOS;
			};
			name = Release;
		};
/* End XCBuildConfiguration section */

/* Begin XCConfigurationList section */
		1F7781212251975300D0E81C /* Build configuration list for PBXProject "KotlinIOS" */ = {
			isa = XCConfigurationList;
			buildConfigurations = (
				1F77814C2251975500D0E81C /* Debug */,
				1F77814D2251975500D0E81C /* Release */,
			);
			defaultConfigurationIsVisible = 0;
			defaultConfigurationName = Release;
		};
		1F77814E2251975500D0E81C /* Build configuration list for PBXNativeTarget "KotlinIOS" */ = {
			isa = XCConfigurationList;
			buildConfigurations = (
				1F77814F2251975500D0E81C /* Debug */,
				1F7781502251975500D0E81C /* Release */,
			);
			defaultConfigurationIsVisible = 0;
			defaultConfigurationName = Release;
		};
		1F7781512251975500D0E81C /* Build configuration list for PBXNativeTarget "KotlinIOSTests" */ = {
			isa = XCConfigurationList;
			buildConfigurations = (
				1F7781522251975500D0E81C /* Debug */,
				1F7781532251975500D0E81C /* Release */,
			);
			defaultConfigurationIsVisible = 0;
			defaultConfigurationName = Release;
		};
		1F7781542251975500D0E81C /* Build configuration list for PBXNativeTarget "KotlinIOSUITests" */ = {
			isa = XCConfigurationList;
			buildConfigurations = (
				1F7781552251975500D0E81C /* Debug */,
				1F7781562251975500D0E81C /* Release */,
			);
			defaultConfigurationIsVisible = 0;
			defaultConfigurationName = Release;
		};
/* End XCConfigurationList section */
	};
	rootObject = 1F77811E2251975300D0E81C /* Project object */;
}
